
Microsoft Visual Studio Solution File, Format Version 12.00
# Visual Studio Version 17
VisualStudioVersion = 17.4.33205.214
MinimumVisualStudioVersion = 10.0.40219.1
Project("{FAE04EC0-301F-11D3-BF4B-00C04F79EFBC}") = "bookP", "bookP\bookP.csproj", "{FA568EAD-1BCA-4E73-8E5A-DBDD84FCCB42}"
EndProject
Global
	GlobalSection(SolutionConfigurationPlatforms) = preSolution
		Debug|Any CPU = Debug|Any CPU
		Release|Any CPU = Release|Any CPU
	EndGlobalSection
	GlobalSection(ProjectConfigurationPlatforms) = postSolution
		{FA568EAD-1BCA-4E73-8E5A-DBDD84FCCB42}.Debug|Any CPU.ActiveCfg = Debug|Any CPU
		{FA568EAD-1BCA-4E73-8E5A-DBDD84FCCB42}.Debug|Any CPU.Build.0 = Debug|Any CPU
		{FA568EAD-1BCA-4E73-8E5A-DBDD84FCCB42}.Release|Any CPU.ActiveCfg = Release|Any CPU
		{FA568EAD-1BCA-4E73-8E5A-DBDD84FCCB42}.Release|Any CPU.Build.0 = Release|Any CPU
	EndGlobalSection
	GlobalSection(SolutionProperties) = preSolution
		HideSolutionNode = FALSE
	EndGlobalSection
	GlobalSection(ExtensibilityGlobals) = postSolution
		SolutionGuid = {DC7CF313-2D65-4436-A289-752AE832806D}
	EndGlobalSection
EndGlobal
