
Microsoft Visual Studio Solution File, Format Version 12.00
# Visual Studio Version 17
VisualStudioVersion = 17.4.33205.214
MinimumVisualStudioVersion = 10.0.40219.1
Project("{FAE04EC0-301F-11D3-BF4B-00C04F79EFBC}") = "studentProject", "studentProject\studentProject.csproj", "{94C9B3A0-E6DF-41DA-BA1E-D44A443600BC}"
EndProject
Global
	GlobalSection(SolutionConfigurationPlatforms) = preSolution
		Debug|Any CPU = Debug|Any CPU
		Release|Any CPU = Release|Any CPU
	EndGlobalSection
	GlobalSection(ProjectConfigurationPlatforms) = postSolution
		{94C9B3A0-E6DF-41DA-BA1E-D44A443600BC}.Debug|Any CPU.ActiveCfg = Debug|Any CPU
		{94C9B3A0-E6DF-41DA-BA1E-D44A443600BC}.Debug|Any CPU.Build.0 = Debug|Any CPU
		{94C9B3A0-E6DF-41DA-BA1E-D44A443600BC}.Release|Any CPU.ActiveCfg = Release|Any CPU
		{94C9B3A0-E6DF-41DA-BA1E-D44A443600BC}.Release|Any CPU.Build.0 = Release|Any CPU
	EndGlobalSection
	GlobalSection(SolutionProperties) = preSolution
		HideSolutionNode = FALSE
	EndGlobalSection
	GlobalSection(ExtensibilityGlobals) = postSolution
		SolutionGuid = {BD61F25B-EF03-4A15-962D-264BF3E9DF75}
	EndGlobalSection
EndGlobal
